// !$*UTF8*$!
{
	archiveVersion = 1;
	classes = {
	};
	objectVersion = 50;
	objects = {

/* Begin PBXBuildFile section */
		B64E89082162C1780002AF35 /* AppDelegate.swift in Sources */ = {isa = PBXBuildFile; fileRef = B64E89072162C1780002AF35 /* AppDelegate.swift */; };
		B64E890A2162C1780002AF35 /* ViewController.swift in Sources */ = {isa = PBXBuildFile; fileRef = B64E89092162C1780002AF35 /* ViewController.swift */; };
		B64E890D2162C1780002AF35 /* Main.storyboard in Resources */ = {isa = PBXBuildFile; fileRef = B64E890B2162C1780002AF35 /* Main.storyboard */; };
		B64E890F2162C1790002AF35 /* Assets.xcassets in Resources */ = {isa = PBXBuildFile; fileRef = B64E890E2162C1790002AF35 /* Assets.xcassets */; };
		B64E89122162C1790002AF35 /* LaunchScreen.storyboard in Resources */ = {isa = PBXBuildFile; fileRef = B64E89102162C1790002AF35 /* LaunchScreen.storyboard */; };
		B64E891E2162C3320002AF35 /* ParametricFunctionView.swift in Sources */ = {isa = PBXBuildFile; fileRef = B64E891D2162C3320002AF35 /* ParametricFunctionView.swift */; };
		B6C7BE85216775060002A9D6 /* icon.jpg in Resources */ = {isa = PBXBuildFile; fileRef = B6C7BE72216775060002A9D6 /* icon.jpg */; };
		B6C7BE86216775060002A9D6 /* 7330163782_78581abb86-29@2x.png in Resources */ = {isa = PBXBuildFile; fileRef = B6C7BE75216775060002A9D6 /* 7330163782_78581abb86-29@2x.png */; };
		B6C7BE87216775060002A9D6 /* 7330163782_78581abb86-60@3x.png in Resources */ = {isa = PBXBuildFile; fileRef = B6C7BE76216775060002A9D6 /* 7330163782_78581abb86-60@3x.png */; };
		B6C7BE88216775060002A9D6 /* 7330163782_78581abb86-29.png in Resources */ = {isa = PBXBuildFile; fileRef = B6C7BE77216775060002A9D6 /* 7330163782_78581abb86-29.png */; };
		B6C7BE89216775060002A9D6 /* 7330163782_78581abb86-60@2x.png in Resources */ = {isa = PBXBuildFile; fileRef = B6C7BE78216775060002A9D6 /* 7330163782_78581abb86-60@2x.png */; };
		B6C7BE8A216775060002A9D6 /* 7330163782_78581abb86-29@3x.png in Resources */ = {isa = PBXBuildFile; fileRef = B6C7BE79216775060002A9D6 /* 7330163782_78581abb86-29@3x.png */; };
		B6C7BE8B216775060002A9D6 /* 7330163782_78581abb86-76@2x.png in Resources */ = {isa = PBXBuildFile; fileRef = B6C7BE7A216775060002A9D6 /* 7330163782_78581abb86-76@2x.png */; };
		B6C7BE8C216775060002A9D6 /* 7330163782_78581abb86-40@2x.png in Resources */ = {isa = PBXBuildFile; fileRef = B6C7BE7B216775060002A9D6 /* 7330163782_78581abb86-40@2x.png */; };
		B6C7BE8D216775060002A9D6 /* 7330163782_78581abb86-40@3x.png in Resources */ = {isa = PBXBuildFile; fileRef = B6C7BE7C216775060002A9D6 /* 7330163782_78581abb86-40@3x.png */; };
		B6C7BE8E216775060002A9D6 /* 7330163782_78581abb86-76.png in Resources */ = {isa = PBXBuildFile; fileRef = B6C7BE7D216775060002A9D6 /* 7330163782_78581abb86-76.png */; };
		B6C7BE8F216775060002A9D6 /* Contents.json in Resources */ = {isa = PBXBuildFile; fileRef = B6C7BE7E216775060002A9D6 /* Contents.json */; };
		B6C7BE90216775060002A9D6 /* 7330163782_78581abb86-40.png in Resources */ = {isa = PBXBuildFile; fileRef = B6C7BE7F216775060002A9D6 /* 7330163782_78581abb86-40.png */; };
		B6C7BE91216775060002A9D6 /* 7330163782_78581abb86-20@3x.png in Resources */ = {isa = PBXBuildFile; fileRef = B6C7BE80216775060002A9D6 /* 7330163782_78581abb86-20@3x.png */; };
		B6C7BE92216775060002A9D6 /* 7330163782_78581abb86-83.5@2x.png in Resources */ = {isa = PBXBuildFile; fileRef = B6C7BE81216775060002A9D6 /* 7330163782_78581abb86-83.5@2x.png */; };
		B6C7BE93216775060002A9D6 /* 7330163782_78581abb86-1024.png in Resources */ = {isa = PBXBuildFile; fileRef = B6C7BE82216775060002A9D6 /* 7330163782_78581abb86-1024.png */; };
		B6C7BE94216775060002A9D6 /* 7330163782_78581abb86-20.png in Resources */ = {isa = PBXBuildFile; fileRef = B6C7BE83216775060002A9D6 /* 7330163782_78581abb86-20.png */; };
		B6C7BE95216775060002A9D6 /* 7330163782_78581abb86-20@2x.png in Resources */ = {isa = PBXBuildFile; fileRef = B6C7BE84216775060002A9D6 /* 7330163782_78581abb86-20@2x.png */; };
		B6E1B4DD2163CAB900CA2528 /* flotabilidad.swift in Sources */ = {isa = PBXBuildFile; fileRef = B6E1B4DC2163CAB900CA2528 /* flotabilidad.swift */; };
/* End PBXBuildFile section */

/* Begin PBXFileReference section */
		B64E89042162C1780002AF35 /* Cubo_flotando.app */ = {isa = PBXFileReference; explicitFileType = wrapper.application; includeInIndex = 0; path = Cubo_flotando.app; sourceTree = BUILT_PRODUCTS_DIR; };
		B64E89072162C1780002AF35 /* AppDelegate.swift */ = {isa = PBXFileReference; lastKnownFileType = sourcecode.swift; path = AppDelegate.swift; sourceTree = "<group>"; };
		B64E89092162C1780002AF35 /* ViewController.swift */ = {isa = PBXFileReference; lastKnownFileType = sourcecode.swift; path = ViewController.swift; sourceTree = "<group>"; };
		B64E890C2162C1780002AF35 /* Base */ = {isa = PBXFileReference; lastKnownFileType = file.storyboard; name = Base; path = Base.lproj/Main.storyboard; sourceTree = "<group>"; };
		B64E890E2162C1790002AF35 /* Assets.xcassets */ = {isa = PBXFileReference; lastKnownFileType = folder.assetcatalog; path = Assets.xcassets; sourceTree = "<group>"; };
		B64E89112162C1790002AF35 /* Base */ = {isa = PBXFileReference; lastKnownFileType = file.storyboard; name = Base; path = Base.lproj/LaunchScreen.storyboard; sourceTree = "<group>"; };
		B64E89132162C1790002AF35 /* Info.plist */ = {isa = PBXFileReference; lastKnownFileType = text.plist.xml; path = Info.plist; sourceTree = "<group>"; };
		B64E891D2162C3320002AF35 /* ParametricFunctionView.swift */ = {isa = PBXFileReference; lastKnownFileType = sourcecode.swift; path = ParametricFunctionView.swift; sourceTree = "<group>"; };
		B6C7BE72216775060002A9D6 /* icon.jpg */ = {isa = PBXFileReference; lastKnownFileType = image.jpeg; path = icon.jpg; sourceTree = "<group>"; };
		B6C7BE75216775060002A9D6 /* 7330163782_78581abb86-29@2x.png */ = {isa = PBXFileReference; lastKnownFileType = image.png; path = "7330163782_78581abb86-29@2x.png"; sourceTree = "<group>"; };
		B6C7BE76216775060002A9D6 /* 7330163782_78581abb86-60@3x.png */ = {isa = PBXFileReference; lastKnownFileType = image.png; path = "7330163782_78581abb86-60@3x.png"; sourceTree = "<group>"; };
		B6C7BE77216775060002A9D6 /* 7330163782_78581abb86-29.png */ = {isa = PBXFileReference; lastKnownFileType = image.png; path = "7330163782_78581abb86-29.png"; sourceTree = "<group>"; };
		B6C7BE78216775060002A9D6 /* 7330163782_78581abb86-60@2x.png */ = {isa = PBXFileReference; lastKnownFileType = image.png; path = "7330163782_78581abb86-60@2x.png"; sourceTree = "<group>"; };
		B6C7BE79216775060002A9D6 /* 7330163782_78581abb86-29@3x.png */ = {isa = PBXFileReference; lastKnownFileType = image.png; path = "7330163782_78581abb86-29@3x.png"; sourceTree = "<group>"; };
		B6C7BE7A216775060002A9D6 /* 7330163782_78581abb86-76@2x.png */ = {isa = PBXFileReference; lastKnownFileType = image.png; path = "7330163782_78581abb86-76@2x.png"; sourceTree = "<group>"; };
		B6C7BE7B216775060002A9D6 /* 7330163782_78581abb86-40@2x.png */ = {isa = PBXFileReference; lastKnownFileType = image.png; path = "7330163782_78581abb86-40@2x.png"; sourceTree = "<group>"; };
		B6C7BE7C216775060002A9D6 /* 7330163782_78581abb86-40@3x.png */ = {isa = PBXFileReference; lastKnownFileType = image.png; path = "7330163782_78581abb86-40@3x.png"; sourceTree = "<group>"; };
		B6C7BE7D216775060002A9D6 /* 7330163782_78581abb86-76.png */ = {isa = PBXFileReference; lastKnownFileType = image.png; path = "7330163782_78581abb86-76.png"; sourceTree = "<group>"; };
		B6C7BE7E216775060002A9D6 /* Contents.json */ = {isa = PBXFileReference; fileEncoding = 4; lastKnownFileType = text.json; path = Contents.json; sourceTree = "<group>"; };
		B6C7BE7F216775060002A9D6 /* 7330163782_78581abb86-40.png */ = {isa = PBXFileReference; lastKnownFileType = image.png; path = "7330163782_78581abb86-40.png"; sourceTree = "<group>"; };
		B6C7BE80216775060002A9D6 /* 7330163782_78581abb86-20@3x.png */ = {isa = PBXFileReference; lastKnownFileType = image.png; path = "7330163782_78581abb86-20@3x.png"; sourceTree = "<group>"; };
		B6C7BE81216775060002A9D6 /* 7330163782_78581abb86-83.5@2x.png */ = {isa = PBXFileReference; lastKnownFileType = image.png; path = "7330163782_78581abb86-83.5@2x.png"; sourceTree = "<group>"; };
		B6C7BE82216775060002A9D6 /* 7330163782_78581abb86-1024.png */ = {isa = PBXFileReference; lastKnownFileType = image.png; path = "7330163782_78581abb86-1024.png"; sourceTree = "<group>"; };
		B6C7BE83216775060002A9D6 /* 7330163782_78581abb86-20.png */ = {isa = PBXFileReference; lastKnownFileType = image.png; path = "7330163782_78581abb86-20.png"; sourceTree = "<group>"; };
		B6C7BE84216775060002A9D6 /* 7330163782_78581abb86-20@2x.png */ = {isa = PBXFileReference; lastKnownFileType = image.png; path = "7330163782_78581abb86-20@2x.png"; sourceTree = "<group>"; };
		B6E1B4DC2163CAB900CA2528 /* flotabilidad.swift */ = {isa = PBXFileReference; lastKnownFileType = sourcecode.swift; path = flotabilidad.swift; sourceTree = "<group>"; };
/* End PBXFileReference section */

/* Begin PBXFrameworksBuildPhase section */
		B64E89012162C1780002AF35 /* Frameworks */ = {
			isa = PBXFrameworksBuildPhase;
			buildActionMask = 2147483647;
			files = (
			);
			runOnlyForDeploymentPostprocessing = 0;
		};
/* End PBXFrameworksBuildPhase section */

/* Begin PBXGroup section */
		B64E88FB2162C1780002AF35 = {
			isa = PBXGroup;
			children = (
				B6C7BE71216775060002A9D6 /* fotos */,
				B64E89062162C1780002AF35 /* Cubo_flotando */,
				B6E1B4DB2163CA6C00CA2528 /* Modelos */,
				B64E89052162C1780002AF35 /* Products */,
			);
			sourceTree = "<group>";
		};
		B64E89052162C1780002AF35 /* Products */ = {
			isa = PBXGroup;
			children = (
				B64E89042162C1780002AF35 /* Cubo_flotando.app */,
			);
			name = Products;
			sourceTree = "<group>";
		};
		B64E89062162C1780002AF35 /* Cubo_flotando */ = {
			isa = PBXGroup;
			children = (
				B64E89072162C1780002AF35 /* AppDelegate.swift */,
				B64E89092162C1780002AF35 /* ViewController.swift */,
				B64E890B2162C1780002AF35 /* Main.storyboard */,
				B64E890E2162C1790002AF35 /* Assets.xcassets */,
				B64E89102162C1790002AF35 /* LaunchScreen.storyboard */,
				B64E89132162C1790002AF35 /* Info.plist */,
				B64E891D2162C3320002AF35 /* ParametricFunctionView.swift */,
			);
			path = Cubo_flotando;
			sourceTree = "<group>";
		};
		B6C7BE71216775060002A9D6 /* fotos */ = {
			isa = PBXGroup;
			children = (
				B6C7BE72216775060002A9D6 /* icon.jpg */,
				B6C7BE73216775060002A9D6 /* iOS */,
			);
			path = fotos;
			sourceTree = SOURCE_ROOT;
		};
		B6C7BE73216775060002A9D6 /* iOS */ = {
			isa = PBXGroup;
			children = (
				B6C7BE74216775060002A9D6 /* AppIcon.appiconset */,
			);
			path = iOS;
			sourceTree = "<group>";
		};
		B6C7BE74216775060002A9D6 /* AppIcon.appiconset */ = {
			isa = PBXGroup;
			children = (
				B6C7BE75216775060002A9D6 /* 7330163782_78581abb86-29@2x.png */,
				B6C7BE76216775060002A9D6 /* 7330163782_78581abb86-60@3x.png */,
				B6C7BE77216775060002A9D6 /* 7330163782_78581abb86-29.png */,
				B6C7BE78216775060002A9D6 /* 7330163782_78581abb86-60@2x.png */,
				B6C7BE79216775060002A9D6 /* 7330163782_78581abb86-29@3x.png */,
				B6C7BE7A216775060002A9D6 /* 7330163782_78581abb86-76@2x.png */,
				B6C7BE7B216775060002A9D6 /* 7330163782_78581abb86-40@2x.png */,
				B6C7BE7C216775060002A9D6 /* 7330163782_78581abb86-40@3x.png */,
				B6C7BE7D216775060002A9D6 /* 7330163782_78581abb86-76.png */,
				B6C7BE7F216775060002A9D6 /* 7330163782_78581abb86-40.png */,
				B6C7BE80216775060002A9D6 /* 7330163782_78581abb86-20@3x.png */,
				B6C7BE81216775060002A9D6 /* 7330163782_78581abb86-83.5@2x.png */,
				B6C7BE82216775060002A9D6 /* 7330163782_78581abb86-1024.png */,
				B6C7BE83216775060002A9D6 /* 7330163782_78581abb86-20.png */,
				B6C7BE84216775060002A9D6 /* 7330163782_78581abb86-20@2x.png */,
				B6C7BE7E216775060002A9D6 /* Contents.json */,
			);
			path = AppIcon.appiconset;
			sourceTree = "<group>";
		};
		B6E1B4DB2163CA6C00CA2528 /* Modelos */ = {
			isa = PBXGroup;
			children = (
				B6E1B4DC2163CAB900CA2528 /* flotabilidad.swift */,
			);
			path = Modelos;
			sourceTree = "<group>";
		};
/* End PBXGroup section */

/* Begin PBXNativeTarget section */
		B64E89032162C1780002AF35 /* Cubo_flotando */ = {
			isa = PBXNativeTarget;
			buildConfigurationList = B64E89162162C1790002AF35 /* Build configuration list for PBXNativeTarget "Cubo_flotando" */;
			buildPhases = (
				B64E89002162C1780002AF35 /* Sources */,
				B64E89012162C1780002AF35 /* Frameworks */,
				B64E89022162C1780002AF35 /* Resources */,
			);
			buildRules = (
			);
			dependencies = (
			);
			name = Cubo_flotando;
			productName = Cubo_flotando;
			productReference = B64E89042162C1780002AF35 /* Cubo_flotando.app */;
			productType = "com.apple.product-type.application";
		};
/* End PBXNativeTarget section */

/* Begin PBXProject section */
		B64E88FC2162C1780002AF35 /* Project object */ = {
			isa = PBXProject;
			attributes = {
				LastSwiftUpdateCheck = 1000;
				LastUpgradeCheck = 1000;
				ORGANIZATIONNAME = upm;
				TargetAttributes = {
					B64E89032162C1780002AF35 = {
						CreatedOnToolsVersion = 10.0;
					};
				};
			};
			buildConfigurationList = B64E88FF2162C1780002AF35 /* Build configuration list for PBXProject "Cubo_flotando" */;
			compatibilityVersion = "Xcode 9.3";
			developmentRegion = en;
			hasScannedForEncodings = 0;
			knownRegions = (
				en,
				Base,
			);
			mainGroup = B64E88FB2162C1780002AF35;
			productRefGroup = B64E89052162C1780002AF35 /* Products */;
			projectDirPath = "";
			projectRoot = "";
			targets = (
				B64E89032162C1780002AF35 /* Cubo_flotando */,
			);
		};
/* End PBXProject section */

/* Begin PBXResourcesBuildPhase section */
		B64E89022162C1780002AF35 /* Resources */ = {
			isa = PBXResourcesBuildPhase;
			buildActionMask = 2147483647;
			files = (
				B6C7BE88216775060002A9D6 /* 7330163782_78581abb86-29.png in Resources */,
				B6C7BE94216775060002A9D6 /* 7330163782_78581abb86-20.png in Resources */,
				B6C7BE8E216775060002A9D6 /* 7330163782_78581abb86-76.png in Resources */,
				B6C7BE8D216775060002A9D6 /* 7330163782_78581abb86-40@3x.png in Resources */,
				B6C7BE91216775060002A9D6 /* 7330163782_78581abb86-20@3x.png in Resources */,
				B6C7BE85216775060002A9D6 /* icon.jpg in Resources */,
				B6C7BE87216775060002A9D6 /* 7330163782_78581abb86-60@3x.png in Resources */,
				B6C7BE8B216775060002A9D6 /* 7330163782_78581abb86-76@2x.png in Resources */,
				B6C7BE8A216775060002A9D6 /* 7330163782_78581abb86-29@3x.png in Resources */,
				B6C7BE92216775060002A9D6 /* 7330163782_78581abb86-83.5@2x.png in Resources */,
				B6C7BE95216775060002A9D6 /* 7330163782_78581abb86-20@2x.png in Resources */,
				B6C7BE90216775060002A9D6 /* 7330163782_78581abb86-40.png in Resources */,
				B64E89122162C1790002AF35 /* LaunchScreen.storyboard in Resources */,
				B6C7BE8C216775060002A9D6 /* 7330163782_78581abb86-40@2x.png in Resources */,
				B6C7BE86216775060002A9D6 /* 7330163782_78581abb86-29@2x.png in Resources */,
				B64E890F2162C1790002AF35 /* Assets.xcassets in Resources */,
				B6C7BE89216775060002A9D6 /* 7330163782_78581abb86-60@2x.png in Resources */,
				B64E890D2162C1780002AF35 /* Main.storyboard in Resources */,
				B6C7BE93216775060002A9D6 /* 7330163782_78581abb86-1024.png in Resources */,
				B6C7BE8F216775060002A9D6 /* Contents.json in Resources */,
			);
			runOnlyForDeploymentPostprocessing = 0;
		};
/* End PBXResourcesBuildPhase section */

/* Begin PBXSourcesBuildPhase section */
		B64E89002162C1780002AF35 /* Sources */ = {
			isa = PBXSourcesBuildPhase;
			buildActionMask = 2147483647;
			files = (
				B6E1B4DD2163CAB900CA2528 /* flotabilidad.swift in Sources */,
				B64E890A2162C1780002AF35 /* ViewController.swift in Sources */,
				B64E891E2162C3320002AF35 /* ParametricFunctionView.swift in Sources */,
				B64E89082162C1780002AF35 /* AppDelegate.swift in Sources */,
			);
			runOnlyForDeploymentPostprocessing = 0;
		};
/* End PBXSourcesBuildPhase section */

/* Begin PBXVariantGroup section */
		B64E890B2162C1780002AF35 /* Main.storyboard */ = {
			isa = PBXVariantGroup;
			children = (
				B64E890C2162C1780002AF35 /* Base */,
			);
			name = Main.storyboard;
			sourceTree = "<group>";
		};
		B64E89102162C1790002AF35 /* LaunchScreen.storyboard */ = {
			isa = PBXVariantGroup;
			children = (
				B64E89112162C1790002AF35 /* Base */,
			);
			name = LaunchScreen.storyboard;
			sourceTree = "<group>";
		};
/* End PBXVariantGroup section */

/* Begin XCBuildConfiguration section */
		B64E89142162C1790002AF35 /* Debug */ = {
			isa = XCBuildConfiguration;
			buildSettings = {
				ALWAYS_SEARCH_USER_PATHS = NO;
				CLANG_ANALYZER_NONNULL = YES;
				CLANG_ANALYZER_NUMBER_OBJECT_CONVERSION = YES_AGGRESSIVE;
				CLANG_CXX_LANGUAGE_STANDARD = "gnu++14";
				CLANG_CXX_LIBRARY = "libc++";
				CLANG_ENABLE_MODULES = YES;
				CLANG_ENABLE_OBJC_ARC = YES;
				CLANG_ENABLE_OBJC_WEAK = YES;
				CLANG_WARN_BLOCK_CAPTURE_AUTORELEASING = YES;
				CLANG_WARN_BOOL_CONVERSION = YES;
				CLANG_WARN_COMMA = YES;
				CLANG_WARN_CONSTANT_CONVERSION = YES;
				CLANG_WARN_DEPRECATED_OBJC_IMPLEMENTATIONS = YES;
				CLANG_WARN_DIRECT_OBJC_ISA_USAGE = YES_ERROR;
				CLANG_WARN_DOCUMENTATION_COMMENTS = YES;
				CLANG_WARN_EMPTY_BODY = YES;
				CLANG_WARN_ENUM_CONVERSION = YES;
				CLANG_WARN_INFINITE_RECURSION = YES;
				CLANG_WARN_INT_CONVERSION = YES;
				CLANG_WARN_NON_LITERAL_NULL_CONVERSION = YES;
				CLANG_WARN_OBJC_IMPLICIT_RETAIN_SELF = YES;
				CLANG_WARN_OBJC_LITERAL_CONVERSION = YES;
				CLANG_WARN_OBJC_ROOT_CLASS = YES_ERROR;
				CLANG_WARN_RANGE_LOOP_ANALYSIS = YES;
				CLANG_WARN_STRICT_PROTOTYPES = YES;
				CLANG_WARN_SUSPICIOUS_MOVE = YES;
				CLANG_WARN_UNGUARDED_AVAILABILITY = YES_AGGRESSIVE;
				CLANG_WARN_UNREACHABLE_CODE = YES;
				CLANG_WARN__DUPLICATE_METHOD_MATCH = YES;
				CODE_SIGN_IDENTITY = "iPhone Developer";
				COPY_PHASE_STRIP = NO;
				DEBUG_INFORMATION_FORMAT = dwarf;
				ENABLE_STRICT_OBJC_MSGSEND = YES;
				ENABLE_TESTABILITY = YES;
				GCC_C_LANGUAGE_STANDARD = gnu11;
				GCC_DYNAMIC_NO_PIC = NO;
				GCC_NO_COMMON_BLOCKS = YES;
				GCC_OPTIMIZATION_LEVEL = 0;
				GCC_PREPROCESSOR_DEFINITIONS = (
					"DEBUG=1",
					"$(inherited)",
				);
				GCC_WARN_64_TO_32_BIT_CONVERSION = YES;
				GCC_WARN_ABOUT_RETURN_TYPE = YES_ERROR;
				GCC_WARN_UNDECLARED_SELECTOR = YES;
				GCC_WARN_UNINITIALIZED_AUTOS = YES_AGGRESSIVE;
				GCC_WARN_UNUSED_FUNCTION = YES;
				GCC_WARN_UNUSED_VARIABLE = YES;
				IPHONEOS_DEPLOYMENT_TARGET = 12.0;
				MTL_ENABLE_DEBUG_INFO = INCLUDE_SOURCE;
				MTL_FAST_MATH = YES;
				ONLY_ACTIVE_ARCH = YES;
				SDKROOT = iphoneos;
				SWIFT_ACTIVE_COMPILATION_CONDITIONS = DEBUG;
				SWIFT_OPTIMIZATION_LEVEL = "-Onone";
			};
			name = Debug;
		};
		B64E89152162C1790002AF35 /* Release */ = {
			isa = XCBuildConfiguration;
			buildSettings = {
				ALWAYS_SEARCH_USER_PATHS = NO;
				CLANG_ANALYZER_NONNULL = YES;
				CLANG_ANALYZER_NUMBER_OBJECT_CONVERSION = YES_AGGRESSIVE;
				CLANG_CXX_LANGUAGE_STANDARD = "gnu++14";
				CLANG_CXX_LIBRARY = "libc++";
				CLANG_ENABLE_MODULES = YES;
				CLANG_ENABLE_OBJC_ARC = YES;
				CLANG_ENABLE_OBJC_WEAK = YES;
				CLANG_WARN_BLOCK_CAPTURE_AUTORELEASING = YES;
				CLANG_WARN_BOOL_CONVERSION = YES;
				CLANG_WARN_COMMA = YES;
				CLANG_WARN_CONSTANT_CONVERSION = YES;
				CLANG_WARN_DEPRECATED_OBJC_IMPLEMENTATIONS = YES;
				CLANG_WARN_DIRECT_OBJC_ISA_USAGE = YES_ERROR;
				CLANG_WARN_DOCUMENTATION_COMMENTS = YES;
				CLANG_WARN_EMPTY_BODY = YES;
				CLANG_WARN_ENUM_CONVERSION = YES;
				CLANG_WARN_INFINITE_RECURSION = YES;
				CLANG_WARN_INT_CONVERSION = YES;
				CLANG_WARN_NON_LITERAL_NULL_CONVERSION = YES;
				CLANG_WARN_OBJC_IMPLICIT_RETAIN_SELF = YES;
				CLANG_WARN_OBJC_LITERAL_CONVERSION = YES;
				CLANG_WARN_OBJC_ROOT_CLASS = YES_ERROR;
				CLANG_WARN_RANGE_LOOP_ANALYSIS = YES;
				CLANG_WARN_STRICT_PROTOTYPES = YES;
				CLANG_WARN_SUSPICIOUS_MOVE = YES;
				CLANG_WARN_UNGUARDED_AVAILABILITY = YES_AGGRESSIVE;
				CLANG_WARN_UNREACHABLE_CODE = YES;
				CLANG_WARN__DUPLICATE_METHOD_MATCH = YES;
				CODE_SIGN_IDENTITY = "iPhone Developer";
				COPY_PHASE_STRIP = NO;
				DEBUG_INFORMATION_FORMAT = "dwarf-with-dsym";
				ENABLE_NS_ASSERTIONS = NO;
				ENABLE_STRICT_OBJC_MSGSEND = YES;
				GCC_C_LANGUAGE_STANDARD = gnu11;
				GCC_NO_COMMON_BLOCKS = YES;
				GCC_WARN_64_TO_32_BIT_CONVERSION = YES;
				GCC_WARN_ABOUT_RETURN_TYPE = YES_ERROR;
				GCC_WARN_UNDECLARED_SELECTOR = YES;
				GCC_WARN_UNINITIALIZED_AUTOS = YES_AGGRESSIVE;
				GCC_WARN_UNUSED_FUNCTION = YES;
				GCC_WARN_UNUSED_VARIABLE = YES;
				IPHONEOS_DEPLOYMENT_TARGET = 12.0;
				MTL_ENABLE_DEBUG_INFO = NO;
				MTL_FAST_MATH = YES;
				SDKROOT = iphoneos;
				SWIFT_COMPILATION_MODE = wholemodule;
				SWIFT_OPTIMIZATION_LEVEL = "-O";
				VALIDATE_PRODUCT = YES;
			};
			name = Release;
		};
		B64E89172162C1790002AF35 /* Debug */ = {
			isa = XCBuildConfiguration;
			buildSettings = {
				ASSETCATALOG_COMPILER_APPICON_NAME = AppIcon;
				CODE_SIGN_STYLE = Automatic;
				DEVELOPMENT_TEAM = PQ764XV8G3;
				INFOPLIST_FILE = Cubo_flotando/Info.plist;
				LD_RUNPATH_SEARCH_PATHS = (
					"$(inherited)",
					"@executable_path/Frameworks",
				);
				PRODUCT_BUNDLE_IDENTIFIER = "upm.Cubo-flotando";
				PRODUCT_NAME = "$(TARGET_NAME)";
				SWIFT_VERSION = 4.2;
				TARGETED_DEVICE_FAMILY = "1,2";
			};
			name = Debug;
		};
		B64E89182162C1790002AF35 /* Release */ = {
			isa = XCBuildConfiguration;
			buildSettings = {
				ASSETCATALOG_COMPILER_APPICON_NAME = AppIcon;
				CODE_SIGN_STYLE = Automatic;
				DEVELOPMENT_TEAM = PQ764XV8G3;
				INFOPLIST_FILE = Cubo_flotando/Info.plist;
				LD_RUNPATH_SEARCH_PATHS = (
					"$(inherited)",
					"@executable_path/Frameworks",
				);
				PRODUCT_BUNDLE_IDENTIFIER = "upm.Cubo-flotando";
				PRODUCT_NAME = "$(TARGET_NAME)";
				SWIFT_VERSION = 4.2;
				TARGETED_DEVICE_FAMILY = "1,2";
			};
			name = Release;
		};
/* End XCBuildConfiguration section */

/* Begin XCConfigurationList section */
		B64E88FF2162C1780002AF35 /* Build configuration list for PBXProject "Cubo_flotando" */ = {
			isa = XCConfigurationList;
			buildConfigurations = (
				B64E89142162C1790002AF35 /* Debug */,
				B64E89152162C1790002AF35 /* Release */,
			);
			defaultConfigurationIsVisible = 0;
			defaultConfigurationName = Release;
		};
		B64E89162162C1790002AF35 /* Build configuration list for PBXNativeTarget "Cubo_flotando" */ = {
			isa = XCConfigurationList;
			buildConfigurations = (
				B64E89172162C1790002AF35 /* Debug */,
				B64E89182162C1790002AF35 /* Release */,
			);
			defaultConfigurationIsVisible = 0;
			defaultConfigurationName = Release;
		};
/* End XCConfigurationList section */
	};
	rootObject = B64E88FC2162C1780002AF35 /* Project object */;
}
